Microsoft Visual Studio Solution File, Format Version 10.00
# Visual Studio 2008
Project("{FAE04EC0-301F-11D3-BF4B-00C04F79EFBC}") = "ASPxPivotGrid_ImplementCustomSummary", "ASPxPivotGrid_ImplementCustomSummary\ASPxPivotGrid_ImplementCustomSummary.csproj", "{85EEECD5-6B47-4919-88F3-D3321A18327C}"
EndProject
Global
	GlobalSection(SolutionConfigurationPlatforms) = preSolution
		Debug|Any CPU = Debug|Any CPU
		Release|Any CPU = Release|Any CPU
	EndGlobalSection
	GlobalSection(ProjectConfigurationPlatforms) = postSolution
		{85EEECD5-6B47-4919-88F3-D3321A18327C}.Debug|Any CPU.ActiveCfg = Debug|Any CPU
		{85EEECD5-6B47-4919-88F3-D3321A18327C}.Debug|Any CPU.Build.0 = Debug|Any CPU
		{85EEECD5-6B47-4919-88F3-D3321A18327C}.Release|Any CPU.ActiveCfg = Release|Any CPU
		{85EEECD5-6B47-4919-88F3-D3321A18327C}.Release|Any CPU.Build.0 = Release|Any CPU
	EndGlobalSection
	GlobalSection(SolutionProperties) = preSolution
		HideSolutionNode = FALSE
	EndGlobalSection
EndGlobal
